{
  "meteor": {},
  "dependencies": {
    "basePackages": {
      "jquery-masonry": {},
      "spin": {},
      "errors": {}
    },
    "packages": {
      "jquery-masonry": {
        "git": "https://github.com/waltyuyu/meteor-jquery-masonry.git",
        "tag": "v0.1.0",
        "commit": "ec514fa4440f3cd77f5f567f25be27dc38ab57fa"
      },
      "spin": {
        "git": "https://github.com/SachaG/meteor-spin.git",
        "tag": "v2.0.4",
        "commit": "f7b1e12a7caff1283cdb3671a393c182d0ae9862"
      },
      "errors": {
        "git": "https://github.com/tmeasday/meteor-errors.git",
        "tag": "v0.2.1",
        "commit": "f2af03510a9e3d9952601f5f091aa76bfbcbf224"
      }
    }
  }
}
